
Microsoft Visual Studio Solution File, Format Version 12.00
# Visual Studio Version 17
VisualStudioVersion = 17.6.33829.357
MinimumVisualStudioVersion = 10.0.40219.1
Project("{FAE04EC0-301F-11D3-BF4B-00C04F79EFBC}") = "Shopping.Client", "Shopping.Client\Shopping.Client.csproj", "{3EF39F52-FCD5-4DFD-ABA2-0F19F67F4B07}"
EndProject
Global
	GlobalSection(SolutionConfigurationPlatforms) = preSolution
		Debug|Any CPU = Debug|Any CPU
		Release|Any CPU = Release|Any CPU
	EndGlobalSection
	GlobalSection(ProjectConfigurationPlatforms) = postSolution
		{3EF39F52-FCD5-4DFD-ABA2-0F19F67F4B07}.Debug|Any CPU.ActiveCfg = Debug|Any CPU
		{3EF39F52-FCD5-4DFD-ABA2-0F19F67F4B07}.Debug|Any CPU.Build.0 = Debug|Any CPU
		{3EF39F52-FCD5-4DFD-ABA2-0F19F67F4B07}.Release|Any CPU.ActiveCfg = Release|Any CPU
		{3EF39F52-FCD5-4DFD-ABA2-0F19F67F4B07}.Release|Any CPU.Build.0 = Release|Any CPU
	EndGlobalSection
	GlobalSection(SolutionProperties) = preSolution
		HideSolutionNode = FALSE
	EndGlobalSection
	GlobalSection(ExtensibilityGlobals) = postSolution
		SolutionGuid = {78AD2FBB-1718-4C3A-889B-91C470B75D4B}
	EndGlobalSection
EndGlobal
